
Microsoft Visual Studio Solution File, Format Version 12.00
# Visual Studio 14
VisualStudioVersion = 14.0.25420.1
MinimumVisualStudioVersion = 10.0.40219.1
Project("{2150E333-8FDC-42A3-9474-1A3956D46DE8}") = "src", "src", "{A78285D7-B49A-4C49-BC5F-CDBDF7701499}"
EndProject
Project("{2150E333-8FDC-42A3-9474-1A3956D46DE8}") = "Solution Items", "Solution Items", "{98B0E53A-9B73-4D7A-A5FA-87F687BE0417}"
	ProjectSection(SolutionItems) = preProject
		global.json = global.json
	EndProjectSection
EndProject
Project("{8BB2217D-0F2D-49D1-97BC-3654ED321F3B}") = "BasicAuthentication", "src\BasicAuthentication\BasicAuthentication.xproj", "{AAD71522-98DA-4D2B-AA67-EB8058346EA8}"
EndProject
Global
	GlobalSection(SolutionConfigurationPlatforms) = preSolution
		Debug|Any CPU = Debug|Any CPU
		Release|Any CPU = Release|Any CPU
	EndGlobalSection
	GlobalSection(ProjectConfigurationPlatforms) = postSolution
		{AAD71522-98DA-4D2B-AA67-EB8058346EA8}.Debug|Any CPU.ActiveCfg = Debug|Any CPU
		{AAD71522-98DA-4D2B-AA67-EB8058346EA8}.Debug|Any CPU.Build.0 = Debug|Any CPU
		{AAD71522-98DA-4D2B-AA67-EB8058346EA8}.Release|Any CPU.ActiveCfg = Release|Any CPU
		{AAD71522-98DA-4D2B-AA67-EB8058346EA8}.Release|Any CPU.Build.0 = Release|Any CPU
	EndGlobalSection
	GlobalSection(SolutionProperties) = preSolution
		HideSolutionNode = FALSE
	EndGlobalSection
	GlobalSection(NestedProjects) = preSolution
		{AAD71522-98DA-4D2B-AA67-EB8058346EA8} = {A78285D7-B49A-4C49-BC5F-CDBDF7701499}
	EndGlobalSection
EndGlobal
